golang.org/x/crypto v0.6.0 h1:qfktjS5LUO+fFKeJXZ+ikTRijMmljikvG68fpMMruSc=
golang.org/x/crypto v0.6.0/go.mod h1:OFC/31mSvZgRz0V1QTNCzfAI1aIRzbiufJtkMIlEp58=
golang.org/x/exp v0.0.0-20230809150735-7b3493d9a819 h1:EDuYyU/MkFXllv9QF9819VlI9a4tzGuCbhG0ExK9o1U=
golang.org/x/exp v0.0.0-20230809150735-7b3493d9a819/go.mod h1:FXUEEKJgO7OQYeo8N01OfiKP8RXMtf6e8aTskBGqWdc=
